
Microsoft Visual Studio Solution File, Format Version 12.00
# Visual Studio Version 16
VisualStudioVersion = 16.0.30320.27
MinimumVisualStudioVersion = 10.0.40219.1
Project("{FAE04EC0-301F-11D3-BF4B-00C04F79EFBC}") = "IP_Web_Service_Sample", "IP_Web_Service_Sample\IP_Web_Service_Sample.csproj", "{B8373B3F-2CDF-4C55-BA45-09271C403430}"
EndProject
Project("{FAE04EC0-301F-11D3-BF4B-00C04F79EFBC}") = "IP_Web_Service_Client_Sample", "IP_Web_Service_Client_Sample\IP_Web_Service_Client_Sample.csproj", "{DD2AE580-D934-478B-92EB-3B7585931919}"
EndProject
Global
	GlobalSection(SolutionConfigurationPlatforms) = preSolution
		Debug|Any CPU = Debug|Any CPU
		Release|Any CPU = Release|Any CPU
	EndGlobalSection
	GlobalSection(ProjectConfigurationPlatforms) = postSolution
		{B8373B3F-2CDF-4C55-BA45-09271C403430}.Debug|Any CPU.ActiveCfg = Debug|Any CPU
		{B8373B3F-2CDF-4C55-BA45-09271C403430}.Debug|Any CPU.Build.0 = Debug|Any CPU
		{B8373B3F-2CDF-4C55-BA45-09271C403430}.Release|Any CPU.ActiveCfg = Release|Any CPU
		{B8373B3F-2CDF-4C55-BA45-09271C403430}.Release|Any CPU.Build.0 = Release|Any CPU
		{DD2AE580-D934-478B-92EB-3B7585931919}.Debug|Any CPU.ActiveCfg = Debug|Any CPU
		{DD2AE580-D934-478B-92EB-3B7585931919}.Debug|Any CPU.Build.0 = Debug|Any CPU
		{DD2AE580-D934-478B-92EB-3B7585931919}.Release|Any CPU.ActiveCfg = Release|Any CPU
		{DD2AE580-D934-478B-92EB-3B7585931919}.Release|Any CPU.Build.0 = Release|Any CPU
	EndGlobalSection
	GlobalSection(SolutionProperties) = preSolution
		HideSolutionNode = FALSE
	EndGlobalSection
	GlobalSection(ExtensibilityGlobals) = postSolution
		SolutionGuid = {5FFBE589-E1E1-49BF-A8AC-42693F28A23B}
	EndGlobalSection
EndGlobal
